
Microsoft Visual Studio Solution File, Format Version 12.00
# Visual Studio Version 17
VisualStudioVersion = 17.6.33417.168
MinimumVisualStudioVersion = 10.0.40219.1
Project("{FAE04EC0-301F-11D3-BF4B-00C04F79EFBC}") = "MathemForFractionAndPoint", "MathemForFractionAndPoint\MathemForFractionAndPoint.csproj", "{C370B9EB-9BB4-42BA-B110-ECAE4D828B01}"
EndProject
Global
	GlobalSection(SolutionConfigurationPlatforms) = preSolution
		Debug|Any CPU = Debug|Any CPU
		Release|Any CPU = Release|Any CPU
	EndGlobalSection
	GlobalSection(ProjectConfigurationPlatforms) = postSolution
		{C370B9EB-9BB4-42BA-B110-ECAE4D828B01}.Debug|Any CPU.ActiveCfg = Debug|Any CPU
		{C370B9EB-9BB4-42BA-B110-ECAE4D828B01}.Debug|Any CPU.Build.0 = Debug|Any CPU
		{C370B9EB-9BB4-42BA-B110-ECAE4D828B01}.Release|Any CPU.ActiveCfg = Release|Any CPU
		{C370B9EB-9BB4-42BA-B110-ECAE4D828B01}.Release|Any CPU.Build.0 = Release|Any CPU
	EndGlobalSection
	GlobalSection(SolutionProperties) = preSolution
		HideSolutionNode = FALSE
	EndGlobalSection
	GlobalSection(ExtensibilityGlobals) = postSolution
		SolutionGuid = {5085F6F7-552A-4E1D-959D-110BBA643C3A}
	EndGlobalSection
EndGlobal
